{
  "name": "nextjs-atsiskaitymas",
  "version": "0.1.0",
  "lockfileVersion": 3,
  "requires": true,
  "packages": {
    "": {
      "name": "nextjs-atsiskaitymas",
      "version": "0.1.0",
      "dependencies": {
        "axios": "^1.4.0",
        "next": "13.4.6",
        "react": "18.2.0",
        "react-dom": "18.2.0"
      }
    },
    "node_modules/@next/env": {
      "version": "13.4.6",
      "resolved": "https://repo.dev.wixpress.com/artifactory/api/npm/npm-repos/@next/env/-/env-13.4.6.tgz",
      "integrity": "sha1-PyBBx3WGYNclVweuTLkWZRkRPeo=",
      "license": "MIT"
    },
    "node_modules/@next/swc-darwin-arm64": {
      "version": "13.4.6",
      "resolved": "https://repo.dev.wixpress.com/artifactory/api/npm/npm-repos/@next/swc-darwin-arm64/-/swc-darwin-arm64-13.4.6.tgz",
      "integrity": "sha1-R0hfPeruZoG0pANsdLucS3KNXd0=",
      "cpu": [
        "arm64"
      ],
      "license": "MIT",
      "optional": true,
      "os": [
        "darwin"
      ],
      "engines": {
        "node": ">= 10"
      }
    },
    "node_modules/@next/swc-darwin-x64": {
      "version": "13.4.6",
      "resolved": "https://repo.dev.wixpress.com/artifactory/api/npm/npm-repos/@next/swc-darwin-x64/-/swc-darwin-x64-13.4.6.tgz",
      "integrity": "sha1-pqWyMuwPIHkiT7jta/EdxHmvGs8=",
      "cpu": [
        "x64"
      ],
      "license": "MIT",
      "optional": true,
      "os": [
        "darwin"
      ],
      "engines": {
        "node": ">= 10"
      }
    },
    "node_modules/@next/swc-linux-arm64-gnu": {
      "version": "13.4.6",
      "resolved": "https://repo.dev.wixpress.com/artifactory/api/npm/npm-repos/@next/swc-linux-arm64-gnu/-/swc-linux-arm64-gnu-13.4.6.tgz",
      "integrity": "sha1-KmcUToY9nEX9vRPHgnNw5/KihAU=",
      "cpu": [
        "arm64"
      ],
      "license": "MIT",
      "optional": true,
      "os": [
        "linux"
      ],
      "engines": {
        "node": ">= 10"
      }
    },
    "node_modules/@next/swc-linux-arm64-musl": {
      "version": "13.4.6",
      "resolved": "https://repo.dev.wixpress.com/artifactory/api/npm/npm-repos/@next/swc-linux-arm64-musl/-/swc-linux-arm64-musl-13.4.6.tgz",
      "integrity": "sha1-Whkaw1dacFmOnpxucmT8C4qQsts=",
      "cpu": [
        "arm64"
      ],
      "license": "MIT",
      "optional": true,
      "os": [
        "linux"
      ],
      "engines": {
        "node": ">= 10"
      }
    },
    "node_modules/@next/swc-linux-x64-gnu": {
      "version": "13.4.6",
      "resolved": "https://repo.dev.wixpress.com/artifactory/api/npm/npm-repos/@next/swc-linux-x64-gnu/-/swc-linux-x64-gnu-13.4.6.tgz",
      "integrity": "sha1-04rfhCqLj53kkkVDKP0yosUzUPM=",
      "cpu": [
        "x64"
      ],
      "license": "MIT",
      "optional": true,
      "os": [
        "linux"
      ],
      "engines": {
        "node": ">= 10"
      }
    },
    "node_modules/@next/swc-linux-x64-musl": {
      "version": "13.4.6",
      "resolved": "https://repo.dev.wixpress.com/artifactory/api/npm/npm-repos/@next/swc-linux-x64-musl/-/swc-linux-x64-musl-13.4.6.tgz",
      "integrity": "sha1-dMdFd0NYt4vn+VjnqLfZOTbNbrw=",
      "cpu": [
        "x64"
      ],
      "license": "MIT",
      "optional": true,
      "os": [
        "linux"
      ],
      "engines": {
        "node": ">= 10"
      }
    },
    "node_modules/@next/swc-win32-arm64-msvc": {
      "version": "13.4.6",
      "resolved": "https://repo.dev.wixpress.com/artifactory/api/npm/npm-repos/@next/swc-win32-arm64-msvc/-/swc-win32-arm64-msvc-13.4.6.tgz",
      "integrity": "sha1-Hh4CwXVXPmSAj8Gn6GUOPiF/Htw=",
      "cpu": [
        "arm64"
      ],
      "license": "MIT",
      "optional": true,
      "os": [
        "win32"
      ],
      "engines": {
        "node": ">= 10"
      }
    },
    "node_modules/@next/swc-win32-ia32-msvc": {
      "version": "13.4.6",
      "resolved": "https://repo.dev.wixpress.com/artifactory/api/npm/npm-repos/@next/swc-win32-ia32-msvc/-/swc-win32-ia32-msvc-13.4.6.tgz",
      "integrity": "sha1-K1KK4+x/bnJ/Tw2BoQFfY9pVx6Y=",
      "cpu": [
        "ia32"
      ],
      "license": "MIT",
      "optional": true,
      "os": [
        "win32"
      ],
      "engines": {
        "node": ">= 10"
      }
    },
    "node_modules/@next/swc-win32-x64-msvc": {
      "version": "13.4.6",
      "resolved": "https://repo.dev.wixpress.com/artifactory/api/npm/npm-repos/@next/swc-win32-x64-msvc/-/swc-win32-x64-msvc-13.4.6.tgz",
      "integrity": "sha1-OGIL1oJn/xPlDs1DLxgi6sUTgqg=",
      "cpu": [
        "x64"
      ],
      "license": "MIT",
      "optional": true,
      "os": [
        "win32"
      ],
      "engines": {
        "node": ">= 10"
      }
    },
    "node_modules/@swc/helpers": {
      "version": "0.5.1",
      "resolved": "https://repo.dev.wixpress.com/artifactory/api/npm/npm-repos/@swc/helpers/-/helpers-0.5.1.tgz",
      "integrity": "sha1-6QMUkao/Jr/Ml0pn9IvUVsilNXo=",
      "license": "Apache-2.0",
      "dependencies": {
        "tslib": "^2.4.0"
      }
    },
    "node_modules/asynckit": {
      "version": "0.4.0",
      "resolved": "https://repo.dev.wixpress.com/artifactory/api/npm/npm-repos/asynckit/-/asynckit-0.4.0.tgz",
      "integrity": "sha1-x57Zf380y48robyXkLzDZkdLS3k=",
      "license": "MIT"
    },
    "node_modules/axios": {
      "version": "1.4.0",
      "resolved": "https://repo.dev.wixpress.com/artifactory/api/npm/npm-repos/axios/-/axios-1.4.0.tgz",
      "integrity": "sha1-OKe/EiTNMI3icRRgOLVR1yXwvh8=",
      "license": "MIT",
      "dependencies": {
        "follow-redirects": "^1.15.0",
        "form-data": "^4.0.0",
        "proxy-from-env": "^1.1.0"
      }
    },
    "node_modules/busboy": {
      "version": "1.6.0",
      "resolved": "https://repo.dev.wixpress.com/artifactory/api/npm/npm-repos/busboy/-/busboy-1.6.0.tgz",
      "integrity": "sha1-lm6japUC5DzbkUaWJSO5L1MfaJM=",
      "dependencies": {
        "streamsearch": "^1.1.0"
      },
      "engines": {
        "node": ">=10.16.0"
      }
    },
    "node_modules/caniuse-lite": {
      "version": "1.0.30001506",
      "resolved": "https://repo.dev.wixpress.com/artifactory/api/npm/npm-repos/caniuse-lite/-/caniuse-lite-1.0.30001506.tgz",
      "integrity": "sha1-Nb2BSzEKSHlwxYVDDp6A7iP68Us=",
      "funding": [
        {
          "type": "opencollective",
          "url": "https://opencollective.com/browserslist"
        },
        {
          "type": "tidelift",
          "url": "https://tidelift.com/funding/github/npm/caniuse-lite"
        },
        {
          "type": "github",
          "url": "https://github.com/sponsors/ai"
        }
      ],
      "license": "CC-BY-4.0"
    },
    "node_modules/client-only": {
      "version": "0.0.1",
      "resolved": "https://repo.dev.wixpress.com/artifactory/api/npm/npm-repos/client-only/-/client-only-0.0.1.tgz",
      "integrity": "sha1-OLul1APEGrFQv/ZKlchQE89zvKE=",
      "license": "MIT"
    },
    "node_modules/combined-stream": {
      "version": "1.0.8",
      "resolved": "https://repo.dev.wixpress.com/artifactory/api/npm/npm-repos/combined-stream/-/combined-stream-1.0.8.tgz",
      "integrity": "sha1-w9RaizT9cwYxoRCoolIGgrMdWn8=",
      "license": "MIT",
      "dependencies": {
        "delayed-stream": "~1.0.0"
      },
      "engines": {
        "node": ">= 0.8"
      }
    },
    "node_modules/delayed-stream": {
      "version": "1.0.0",
      "resolved": "https://repo.dev.wixpress.com/artifactory/api/npm/npm-repos/delayed-stream/-/delayed-stream-1.0.0.tgz",
      "integrity": "sha1-3zrhmayt+31ECqrgsp4icrJOxhk=",
      "license": "MIT",
      "engines": {
        "node": ">=0.4.0"
      }
    },
    "node_modules/follow-redirects": {
      "version": "1.15.2",
      "resolved": "https://repo.dev.wixpress.com/artifactory/api/npm/npm-repos/follow-redirects/-/follow-redirects-1.15.2.tgz",
      "integrity": "sha1-tGCGQUS6Y/JoEJbydMTlcCbaLBM=",
      "funding": [
        {
          "type": "individual",
          "url": "https://github.com/sponsors/RubenVerborgh"
        }
      ],
      "license": "MIT",
      "engines": {
        "node": ">=4.0"
      },
      "peerDependenciesMeta": {
        "debug": {
          "optional": true
        }
      }
    },
    "node_modules/form-data": {
      "version": "4.0.0",
      "resolved": "https://repo.dev.wixpress.com/artifactory/api/npm/npm-repos/form-data/-/form-data-4.0.0.tgz",
      "integrity": "sha1-k5Gdrq82HuUpWEubMWZNwSyfpFI=",
      "license": "MIT",
      "dependencies": {
        "asynckit": "^0.4.0",
        "combined-stream": "^1.0.8",
        "mime-types": "^2.1.12"
      },
      "engines": {
        "node": ">= 6"
      }
    },
    "node_modules/glob-to-regexp": {
      "version": "0.4.1",
      "resolved": "https://repo.dev.wixpress.com/artifactory/api/npm/npm-repos/glob-to-regexp/-/glob-to-regexp-0.4.1.tgz",
      "integrity": "sha1-x1KXCHyFG5pXi9IX3VmpL1n+VG4=",
      "license": "BSD-2-Clause"
    },
    "node_modules/graceful-fs": {
      "version": "4.2.11",
      "resolved": "https://repo.dev.wixpress.com/artifactory/api/npm/npm-repos/graceful-fs/-/graceful-fs-4.2.11.tgz",
      "integrity": "sha1-QYPk6L8Iu24Fu7L30uDI9xLKQOM=",
      "license": "ISC"
    },
    "node_modules/js-tokens": {
      "version": "4.0.0",
      "resolved": "https://repo.dev.wixpress.com/artifactory/api/npm/npm-repos/js-tokens/-/js-tokens-4.0.0.tgz",
      "integrity": "sha1-GSA/tZmR35jjoocFDUZHzerzJJk=",
      "license": "MIT"
    },
    "node_modules/loose-envify": {
      "version": "1.4.0",
      "resolved": "https://repo.dev.wixpress.com/artifactory/api/npm/npm-repos/loose-envify/-/loose-envify-1.4.0.tgz",
      "integrity": "sha1-ce5R+nvkyuwaY4OffmgtgTLTDK8=",
      "license": "MIT",
      "dependencies": {
        "js-tokens": "^3.0.0 || ^4.0.0"
      },
      "bin": {
        "loose-envify": "cli.js"
      }
    },
    "node_modules/mime-db": {
      "version": "1.52.0",
      "resolved": "https://repo.dev.wixpress.com/artifactory/api/npm/npm-repos/mime-db/-/mime-db-1.52.0.tgz",
      "integrity": "sha1-u6vNwChZ9JhzAchW4zh85exDv3A=",
      "license": "MIT",
      "engines": {
        "node": ">= 0.6"
      }
    },
    "node_modules/mime-types": {
      "version": "2.1.35",
      "resolved": "https://repo.dev.wixpress.com/artifactory/api/npm/npm-repos/mime-types/-/mime-types-2.1.35.tgz",
      "integrity": "sha1-OBqHG2KnNEUGYK497uRIE/cNlZo=",
      "license": "MIT",
      "dependencies": {
        "mime-db": "1.52.0"
      },
      "engines": {
        "node": ">= 0.6"
      }
    },
    "node_modules/nanoid": {
      "version": "3.3.6",
      "resolved": "https://repo.dev.wixpress.com/artifactory/api/npm/npm-repos/nanoid/-/nanoid-3.3.6.tgz",
      "integrity": "sha1-RDOAyFbW6fmCQmfZYLQjatWD6kw=",
      "funding": [
        {
          "type": "github",
          "url": "https://github.com/sponsors/ai"
        }
      ],
      "license": "MIT",
      "bin": {
        "nanoid": "bin/nanoid.cjs"
      },
      "engines": {
        "node": "^10 || ^12 || ^13.7 || ^14 || >=15.0.1"
      }
    },
    "node_modules/next": {
      "version": "13.4.6",
      "resolved": "https://repo.dev.wixpress.com/artifactory/api/npm/npm-repos/next/-/next-13.4.6.tgz",
      "integrity": "sha1-6+UvXHTWAXbUW0XnPyWlEQNxPqQ=",
      "license": "MIT",
      "dependencies": {
        "@next/env": "13.4.6",
        "@swc/helpers": "0.5.1",
        "busboy": "1.6.0",
        "caniuse-lite": "^1.0.30001406",
        "postcss": "8.4.14",
        "styled-jsx": "5.1.1",
        "watchpack": "2.4.0",
        "zod": "3.21.4"
      },
      "bin": {
        "next": "dist/bin/next"
      },
      "engines": {
        "node": ">=16.8.0"
      },
      "optionalDependencies": {
        "@next/swc-darwin-arm64": "13.4.6",
        "@next/swc-darwin-x64": "13.4.6",
        "@next/swc-linux-arm64-gnu": "13.4.6",
        "@next/swc-linux-arm64-musl": "13.4.6",
        "@next/swc-linux-x64-gnu": "13.4.6",
        "@next/swc-linux-x64-musl": "13.4.6",
        "@next/swc-win32-arm64-msvc": "13.4.6",
        "@next/swc-win32-ia32-msvc": "13.4.6",
        "@next/swc-win32-x64-msvc": "13.4.6"
      },
      "peerDependencies": {
        "@opentelemetry/api": "^1.1.0",
        "fibers": ">= 3.1.0",
        "react": "^18.2.0",
        "react-dom": "^18.2.0",
        "sass": "^1.3.0"
      },
      "peerDependenciesMeta": {
        "@opentelemetry/api": {
          "optional": true
        },
        "fibers": {
          "optional": true
        },
        "sass": {
          "optional": true
        }
      }
    },
    "node_modules/picocolors": {
      "version": "1.0.0",
      "resolved": "https://repo.dev.wixpress.com/artifactory/api/npm/npm-repos/picocolors/-/picocolors-1.0.0.tgz",
      "integrity": "sha1-y1vcdP8/UYkiNur3nWi8RFZKuBw=",
      "license": "ISC"
    },
    "node_modules/postcss": {
      "version": "8.4.14",
      "resolved": "https://repo.dev.wixpress.com/artifactory/api/npm/npm-repos/postcss/-/postcss-8.4.14.tgz",
      "integrity": "sha1-7pJ01WIrSFjBAHp0125C5W/SHK8=",
      "funding": [
        {
          "type": "opencollective",
          "url": "https://opencollective.com/postcss/"
        },
        {
          "type": "tidelift",
          "url": "https://tidelift.com/funding/github/npm/postcss"
        }
      ],
      "license": "MIT",
      "dependencies": {
        "nanoid": "^3.3.4",
        "picocolors": "^1.0.0",
        "source-map-js": "^1.0.2"
      },
      "engines": {
        "node": "^10 || ^12 || >=14"
      }
    },
    "node_modules/proxy-from-env": {
      "version": "1.1.0",
      "resolved": "https://repo.dev.wixpress.com/artifactory/api/npm/npm-repos/proxy-from-env/-/proxy-from-env-1.1.0.tgz",
      "integrity": "sha1-4QLxbKNVQkhldV0sno6k8k1Yw+I=",
      "license": "MIT"
    },
    "node_modules/react": {
      "version": "18.2.0",
      "resolved": "https://repo.dev.wixpress.com/artifactory/api/npm/npm-repos/react/-/react-18.2.0.tgz",
      "integrity": "sha1-VVvZhZKIMlX6AN4U8RUakXtdd9U=",
      "license": "MIT",
      "dependencies": {
        "loose-envify": "^1.1.0"
      },
      "engines": {
        "node": ">=0.10.0"
      }
    },
    "node_modules/react-dom": {
      "version": "18.2.0",
      "resolved": "https://repo.dev.wixpress.com/artifactory/api/npm/npm-repos/react-dom/-/react-dom-18.2.0.tgz",
      "integrity": "sha1-IqrzhwjbJnTtmtoiTKSqcI2CHj0=",
      "license": "MIT",
      "dependencies": {
        "loose-envify": "^1.1.0",
        "scheduler": "^0.23.0"
      },
      "peerDependencies": {
        "react": "^18.2.0"
      }
    },
    "node_modules/scheduler": {
      "version": "0.23.0",
      "resolved": "https://repo.dev.wixpress.com/artifactory/api/npm/npm-repos/scheduler/-/scheduler-0.23.0.tgz",
      "integrity": "sha1-uoBBr8PTDrIGpIe2s4QALk5h/f4=",
      "license": "MIT",
      "dependencies": {
        "loose-envify": "^1.1.0"
      }
    },
    "node_modules/source-map-js": {
      "version": "1.0.2",
      "resolved": "https://repo.dev.wixpress.com/artifactory/api/npm/npm-repos/source-map-js/-/source-map-js-1.0.2.tgz",
      "integrity": "sha1-rbw2HZxi3zgBJefxYfccgm8eSQw=",
      "license": "BSD-3-Clause",
      "engines": {
        "node": ">=0.10.0"
      }
    },
    "node_modules/streamsearch": {
      "version": "1.1.0",
      "resolved": "https://repo.dev.wixpress.com/artifactory/api/npm/npm-repos/streamsearch/-/streamsearch-1.1.0.tgz",
      "integrity": "sha1-QE3R4iR8qUr1VOhBqO8OqiONp2Q=",
      "engines": {
        "node": ">=10.0.0"
      }
    },
    "node_modules/styled-jsx": {
      "version": "5.1.1",
      "resolved": "https://repo.dev.wixpress.com/artifactory/api/npm/npm-repos/styled-jsx/-/styled-jsx-5.1.1.tgz",
      "integrity": "sha1-g5ocOqrMTnNf7QeBuGGepdAAnR8=",
      "license": "MIT",
      "dependencies": {
        "client-only": "0.0.1"
      },
      "engines": {
        "node": ">= 12.0.0"
      },
      "peerDependencies": {
        "react": ">= 16.8.0 || 17.x.x || ^18.0.0-0"
      },
      "peerDependenciesMeta": {
        "@babel/core": {
          "optional": true
        },
        "babel-plugin-macros": {
          "optional": true
        }
      }
    },
    "node_modules/tslib": {
      "version": "2.5.3",
      "resolved": "https://repo.dev.wixpress.com/artifactory/api/npm/npm-repos/tslib/-/tslib-2.5.3.tgz",
      "integrity": "sha1-JJRLotmQlA5umCxL6hR6uoAgmRM=",
      "license": "0BSD"
    },
    "node_modules/watchpack": {
      "version": "2.4.0",
      "resolved": "https://repo.dev.wixpress.com/artifactory/api/npm/npm-repos/watchpack/-/watchpack-2.4.0.tgz",
      "integrity": "sha1-+jMDI3SWLHgRP5PH8vtMVMmGKl0=",
      "license": "MIT",
      "dependencies": {
        "glob-to-regexp": "^0.4.1",
        "graceful-fs": "^4.1.2"
      },
      "engines": {
        "node": ">=10.13.0"
      }
    },
    "node_modules/zod": {
      "version": "3.21.4",
      "resolved": "https://repo.dev.wixpress.com/artifactory/api/npm/npm-repos/zod/-/zod-3.21.4.tgz",
      "integrity": "sha1-EIgiMdmSUZ8KELXdWKOMnau7ZNs=",
      "license": "MIT",
      "funding": {
        "url": "https://github.com/sponsors/colinhacks"
      }
    }
  }
}
