{
  "name": "nextjs-atsiskaitymas",
  "version": "0.1.0",
  "lockfileVersion": 1,
  "requires": true,
  "dependencies": {
    "@next/env": {
      "version": "13.4.6",
      "resolved": "https://repo.dev.wixpress.com/artifactory/api/npm/npm-repos/@next/env/-/env-13.4.6.tgz",
      "integrity": "sha1-PyBBx3WGYNclVweuTLkWZRkRPeo="
    },
    "@next/swc-darwin-arm64": {
      "version": "13.4.6",
      "resolved": "https://repo.dev.wixpress.com/artifactory/api/npm/npm-repos/@next/swc-darwin-arm64/-/swc-darwin-arm64-13.4.6.tgz",
      "integrity": "sha1-R0hfPeruZoG0pANsdLucS3KNXd0=",
      "optional": true
    },
    "@next/swc-darwin-x64": {
      "version": "13.4.6",
      "resolved": "https://repo.dev.wixpress.com/artifactory/api/npm/npm-repos/@next/swc-darwin-x64/-/swc-darwin-x64-13.4.6.tgz",
      "integrity": "sha1-pqWyMuwPIHkiT7jta/EdxHmvGs8=",
      "optional": true
    },
    "@next/swc-linux-arm64-gnu": {
      "version": "13.4.6",
      "resolved": "https://repo.dev.wixpress.com/artifactory/api/npm/npm-repos/@next/swc-linux-arm64-gnu/-/swc-linux-arm64-gnu-13.4.6.tgz",
      "integrity": "sha1-KmcUToY9nEX9vRPHgnNw5/KihAU=",
      "optional": true
    },
    "@next/swc-linux-arm64-musl": {
      "version": "13.4.6",
      "resolved": "https://repo.dev.wixpress.com/artifactory/api/npm/npm-repos/@next/swc-linux-arm64-musl/-/swc-linux-arm64-musl-13.4.6.tgz",
      "integrity": "sha1-Whkaw1dacFmOnpxucmT8C4qQsts=",
      "optional": true
    },
    "@next/swc-linux-x64-gnu": {
      "version": "13.4.6",
      "resolved": "https://repo.dev.wixpress.com/artifactory/api/npm/npm-repos/@next/swc-linux-x64-gnu/-/swc-linux-x64-gnu-13.4.6.tgz",
      "integrity": "sha1-04rfhCqLj53kkkVDKP0yosUzUPM=",
      "optional": true
    },
    "@next/swc-linux-x64-musl": {
      "version": "13.4.6",
      "resolved": "https://repo.dev.wixpress.com/artifactory/api/npm/npm-repos/@next/swc-linux-x64-musl/-/swc-linux-x64-musl-13.4.6.tgz",
      "integrity": "sha1-dMdFd0NYt4vn+VjnqLfZOTbNbrw=",
      "optional": true
    },
    "@next/swc-win32-arm64-msvc": {
      "version": "13.4.6",
      "resolved": "https://repo.dev.wixpress.com/artifactory/api/npm/npm-repos/@next/swc-win32-arm64-msvc/-/swc-win32-arm64-msvc-13.4.6.tgz",
      "integrity": "sha1-Hh4CwXVXPmSAj8Gn6GUOPiF/Htw=",
      "optional": true
    },
    "@next/swc-win32-ia32-msvc": {
      "version": "13.4.6",
      "resolved": "https://repo.dev.wixpress.com/artifactory/api/npm/npm-repos/@next/swc-win32-ia32-msvc/-/swc-win32-ia32-msvc-13.4.6.tgz",
      "integrity": "sha1-K1KK4+x/bnJ/Tw2BoQFfY9pVx6Y=",
      "optional": true
    },
    "@next/swc-win32-x64-msvc": {
      "version": "13.4.6",
      "resolved": "https://repo.dev.wixpress.com/artifactory/api/npm/npm-repos/@next/swc-win32-x64-msvc/-/swc-win32-x64-msvc-13.4.6.tgz",
      "integrity": "sha1-OGIL1oJn/xPlDs1DLxgi6sUTgqg=",
      "optional": true
    },
    "@swc/helpers": {
      "version": "0.5.1",
      "resolved": "https://repo.dev.wixpress.com/artifactory/api/npm/npm-repos/@swc/helpers/-/helpers-0.5.1.tgz",
      "integrity": "sha1-6QMUkao/Jr/Ml0pn9IvUVsilNXo=",
      "requires": {
        "tslib": "^2.4.0"
      }
    },
    "busboy": {
      "version": "1.6.0",
      "resolved": "https://repo.dev.wixpress.com/artifactory/api/npm/npm-repos/busboy/-/busboy-1.6.0.tgz",
      "integrity": "sha1-lm6japUC5DzbkUaWJSO5L1MfaJM=",
      "requires": {
        "streamsearch": "^1.1.0"
      }
    },
    "caniuse-lite": {
      "version": "1.0.30001506",
      "resolved": "https://repo.dev.wixpress.com/artifactory/api/npm/npm-repos/caniuse-lite/-/caniuse-lite-1.0.30001506.tgz",
      "integrity": "sha1-Nb2BSzEKSHlwxYVDDp6A7iP68Us="
    },
    "client-only": {
      "version": "0.0.1",
      "resolved": "https://repo.dev.wixpress.com/artifactory/api/npm/npm-repos/client-only/-/client-only-0.0.1.tgz",
      "integrity": "sha1-OLul1APEGrFQv/ZKlchQE89zvKE="
    },
    "glob-to-regexp": {
      "version": "0.4.1",
      "resolved": "https://repo.dev.wixpress.com/artifactory/api/npm/npm-repos/glob-to-regexp/-/glob-to-regexp-0.4.1.tgz",
      "integrity": "sha1-x1KXCHyFG5pXi9IX3VmpL1n+VG4="
    },
    "graceful-fs": {
      "version": "4.2.11",
      "resolved": "https://repo.dev.wixpress.com/artifactory/api/npm/npm-repos/graceful-fs/-/graceful-fs-4.2.11.tgz",
      "integrity": "sha1-QYPk6L8Iu24Fu7L30uDI9xLKQOM="
    },
    "js-tokens": {
      "version": "4.0.0",
      "resolved": "https://repo.dev.wixpress.com/artifactory/api/npm/npm-repos/js-tokens/-/js-tokens-4.0.0.tgz",
      "integrity": "sha1-GSA/tZmR35jjoocFDUZHzerzJJk="
    },
    "loose-envify": {
      "version": "1.4.0",
      "resolved": "https://repo.dev.wixpress.com/artifactory/api/npm/npm-repos/loose-envify/-/loose-envify-1.4.0.tgz",
      "integrity": "sha1-ce5R+nvkyuwaY4OffmgtgTLTDK8=",
      "requires": {
        "js-tokens": "^3.0.0 || ^4.0.0"
      }
    },
    "nanoid": {
      "version": "3.3.6",
      "resolved": "https://repo.dev.wixpress.com/artifactory/api/npm/npm-repos/nanoid/-/nanoid-3.3.6.tgz",
      "integrity": "sha1-RDOAyFbW6fmCQmfZYLQjatWD6kw="
    },
    "next": {
      "version": "13.4.6",
      "resolved": "https://repo.dev.wixpress.com/artifactory/api/npm/npm-repos/next/-/next-13.4.6.tgz",
      "integrity": "sha1-6+UvXHTWAXbUW0XnPyWlEQNxPqQ=",
      "requires": {
        "@next/env": "13.4.6",
        "@next/swc-darwin-arm64": "13.4.6",
        "@next/swc-darwin-x64": "13.4.6",
        "@next/swc-linux-arm64-gnu": "13.4.6",
        "@next/swc-linux-arm64-musl": "13.4.6",
        "@next/swc-linux-x64-gnu": "13.4.6",
        "@next/swc-linux-x64-musl": "13.4.6",
        "@next/swc-win32-arm64-msvc": "13.4.6",
        "@next/swc-win32-ia32-msvc": "13.4.6",
        "@next/swc-win32-x64-msvc": "13.4.6",
        "@swc/helpers": "0.5.1",
        "busboy": "1.6.0",
        "caniuse-lite": "^1.0.30001406",
        "postcss": "8.4.14",
        "styled-jsx": "5.1.1",
        "watchpack": "2.4.0",
        "zod": "3.21.4"
      }
    },
    "picocolors": {
      "version": "1.0.0",
      "resolved": "https://repo.dev.wixpress.com/artifactory/api/npm/npm-repos/picocolors/-/picocolors-1.0.0.tgz",
      "integrity": "sha1-y1vcdP8/UYkiNur3nWi8RFZKuBw="
    },
    "postcss": {
      "version": "8.4.14",
      "resolved": "https://repo.dev.wixpress.com/artifactory/api/npm/npm-repos/postcss/-/postcss-8.4.14.tgz",
      "integrity": "sha1-7pJ01WIrSFjBAHp0125C5W/SHK8=",
      "requires": {
        "nanoid": "^3.3.4",
        "picocolors": "^1.0.0",
        "source-map-js": "^1.0.2"
      }
    },
    "react": {
      "version": "18.2.0",
      "resolved": "https://repo.dev.wixpress.com/artifactory/api/npm/npm-repos/react/-/react-18.2.0.tgz",
      "integrity": "sha1-VVvZhZKIMlX6AN4U8RUakXtdd9U=",
      "requires": {
        "loose-envify": "^1.1.0"
      }
    },
    "react-dom": {
      "version": "18.2.0",
      "resolved": "https://repo.dev.wixpress.com/artifactory/api/npm/npm-repos/react-dom/-/react-dom-18.2.0.tgz",
      "integrity": "sha1-IqrzhwjbJnTtmtoiTKSqcI2CHj0=",
      "requires": {
        "loose-envify": "^1.1.0",
        "scheduler": "^0.23.0"
      }
    },
    "scheduler": {
      "version": "0.23.0",
      "resolved": "https://repo.dev.wixpress.com/artifactory/api/npm/npm-repos/scheduler/-/scheduler-0.23.0.tgz",
      "integrity": "sha1-uoBBr8PTDrIGpIe2s4QALk5h/f4=",
      "requires": {
        "loose-envify": "^1.1.0"
      }
    },
    "source-map-js": {
      "version": "1.0.2",
      "resolved": "https://repo.dev.wixpress.com/artifactory/api/npm/npm-repos/source-map-js/-/source-map-js-1.0.2.tgz",
      "integrity": "sha1-rbw2HZxi3zgBJefxYfccgm8eSQw="
    },
    "streamsearch": {
      "version": "1.1.0",
      "resolved": "https://repo.dev.wixpress.com/artifactory/api/npm/npm-repos/streamsearch/-/streamsearch-1.1.0.tgz",
      "integrity": "sha1-QE3R4iR8qUr1VOhBqO8OqiONp2Q="
    },
    "styled-jsx": {
      "version": "5.1.1",
      "resolved": "https://repo.dev.wixpress.com/artifactory/api/npm/npm-repos/styled-jsx/-/styled-jsx-5.1.1.tgz",
      "integrity": "sha1-g5ocOqrMTnNf7QeBuGGepdAAnR8=",
      "requires": {
        "client-only": "0.0.1"
      }
    },
    "tslib": {
      "version": "2.5.3",
      "resolved": "https://repo.dev.wixpress.com/artifactory/api/npm/npm-repos/tslib/-/tslib-2.5.3.tgz",
      "integrity": "sha1-JJRLotmQlA5umCxL6hR6uoAgmRM="
    },
    "watchpack": {
      "version": "2.4.0",
      "resolved": "https://repo.dev.wixpress.com/artifactory/api/npm/npm-repos/watchpack/-/watchpack-2.4.0.tgz",
      "integrity": "sha1-+jMDI3SWLHgRP5PH8vtMVMmGKl0=",
      "requires": {
        "glob-to-regexp": "^0.4.1",
        "graceful-fs": "^4.1.2"
      }
    },
    "zod": {
      "version": "3.21.4",
      "resolved": "https://repo.dev.wixpress.com/artifactory/api/npm/npm-repos/zod/-/zod-3.21.4.tgz",
      "integrity": "sha1-EIgiMdmSUZ8KELXdWKOMnau7ZNs="
    }
  }
}
